
Microsoft Visual Studio Solution File, Format Version 12.00
# Visual Studio Version 17
VisualStudioVersion = 17.3.32929.385
MinimumVisualStudioVersion = 10.0.40219.1
Project("{9A19103F-16F7-4668-BE54-9A1E7A4F7556}") = "EntityLayer", "EntityLayer\EntityLayer.csproj", "{AD0C56AE-074D-4A22-9140-C8900E7A0E1A}"
EndProject
Project("{9A19103F-16F7-4668-BE54-9A1E7A4F7556}") = "TransportAppConsole", "TasimacilikAppConsole\TransportAppConsole.csproj", "{053B937A-EEEE-4850-B83E-8CC122738F9A}"
EndProject
Project("{9A19103F-16F7-4668-BE54-9A1E7A4F7556}") = "DataLayer", "DataLayer\DataLayer.csproj", "{F1FC6A36-EC59-4CF1-B013-4F1677CBEC8E}"
EndProject
Project("{9A19103F-16F7-4668-BE54-9A1E7A4F7556}") = "TransportAppAPI", "TransportAppAPI\TransportAppAPI.csproj", "{BA8B33A8-0DF4-4A35-82D0-9D2F2765395F}"
EndProject
Project("{FAE04EC0-301F-11D3-BF4B-00C04F79EFBC}") = "BusinessManager", "BusinessManager\BusinessManager.csproj", "{4C5760CD-3A8B-44BE-9FA7-97BE871E03FC}"
EndProject
Global
	GlobalSection(SolutionConfigurationPlatforms) = preSolution
		Debug|Any CPU = Debug|Any CPU
		Release|Any CPU = Release|Any CPU
	EndGlobalSection
	GlobalSection(ProjectConfigurationPlatforms) = postSolution
		{AD0C56AE-074D-4A22-9140-C8900E7A0E1A}.Debug|Any CPU.ActiveCfg = Debug|Any CPU
		{AD0C56AE-074D-4A22-9140-C8900E7A0E1A}.Debug|Any CPU.Build.0 = Debug|Any CPU
		{AD0C56AE-074D-4A22-9140-C8900E7A0E1A}.Release|Any CPU.ActiveCfg = Release|Any CPU
		{AD0C56AE-074D-4A22-9140-C8900E7A0E1A}.Release|Any CPU.Build.0 = Release|Any CPU
		{053B937A-EEEE-4850-B83E-8CC122738F9A}.Debug|Any CPU.ActiveCfg = Debug|Any CPU
		{053B937A-EEEE-4850-B83E-8CC122738F9A}.Debug|Any CPU.Build.0 = Debug|Any CPU
		{053B937A-EEEE-4850-B83E-8CC122738F9A}.Release|Any CPU.ActiveCfg = Release|Any CPU
		{053B937A-EEEE-4850-B83E-8CC122738F9A}.Release|Any CPU.Build.0 = Release|Any CPU
		{F1FC6A36-EC59-4CF1-B013-4F1677CBEC8E}.Debug|Any CPU.ActiveCfg = Debug|Any CPU
		{F1FC6A36-EC59-4CF1-B013-4F1677CBEC8E}.Debug|Any CPU.Build.0 = Debug|Any CPU
		{F1FC6A36-EC59-4CF1-B013-4F1677CBEC8E}.Release|Any CPU.ActiveCfg = Release|Any CPU
		{F1FC6A36-EC59-4CF1-B013-4F1677CBEC8E}.Release|Any CPU.Build.0 = Release|Any CPU
		{BA8B33A8-0DF4-4A35-82D0-9D2F2765395F}.Debug|Any CPU.ActiveCfg = Debug|Any CPU
		{BA8B33A8-0DF4-4A35-82D0-9D2F2765395F}.Debug|Any CPU.Build.0 = Debug|Any CPU
		{BA8B33A8-0DF4-4A35-82D0-9D2F2765395F}.Release|Any CPU.ActiveCfg = Release|Any CPU
		{BA8B33A8-0DF4-4A35-82D0-9D2F2765395F}.Release|Any CPU.Build.0 = Release|Any CPU
		{4C5760CD-3A8B-44BE-9FA7-97BE871E03FC}.Debug|Any CPU.ActiveCfg = Debug|Any CPU
		{4C5760CD-3A8B-44BE-9FA7-97BE871E03FC}.Debug|Any CPU.Build.0 = Debug|Any CPU
		{4C5760CD-3A8B-44BE-9FA7-97BE871E03FC}.Release|Any CPU.ActiveCfg = Release|Any CPU
		{4C5760CD-3A8B-44BE-9FA7-97BE871E03FC}.Release|Any CPU.Build.0 = Release|Any CPU
	EndGlobalSection
	GlobalSection(SolutionProperties) = preSolution
		HideSolutionNode = FALSE
	EndGlobalSection
	GlobalSection(ExtensibilityGlobals) = postSolution
		SolutionGuid = {0A8B339C-FF94-499E-B898-735C6A3B43F8}
	EndGlobalSection
EndGlobal
